
Microsoft Visual Studio Solution File, Format Version 12.00
# Visual Studio Version 17
VisualStudioVersion = 17.7.34202.233
MinimumVisualStudioVersion = 10.0.40219.1
Project("{9A19103F-16F7-4668-BE54-9A1E7A4F7556}") = "Data", "Data\Data.csproj", "{9C0D61CC-6145-43C0-BF47-3619E5E7AC7D}"
EndProject
Project("{9A19103F-16F7-4668-BE54-9A1E7A4F7556}") = "Core", "Core\Core.csproj", "{530F2BB4-234E-411B-BC05-6658B16EE680}"
EndProject
Project("{9A19103F-16F7-4668-BE54-9A1E7A4F7556}") = "Business", "Business\Business.csproj", "{C9C8D1CE-4FD4-47B4-84D8-034038697E43}"
EndProject
Project("{9A19103F-16F7-4668-BE54-9A1E7A4F7556}") = "UI.Web", "UI.Web\UI.Web.csproj", "{6574D7D5-0BD4-4380-848F-280A352AA8DA}"
EndProject
Project("{FAE04EC0-301F-11D3-BF4B-00C04F79EFBC}") = "UI.MVC", "UI.MVC\UI.MVC.csproj", "{05F7FC77-E5F4-4E95-8921-96822C98E025}"
EndProject
Global
	GlobalSection(SolutionConfigurationPlatforms) = preSolution
		Debug|Any CPU = Debug|Any CPU
		Release|Any CPU = Release|Any CPU
	EndGlobalSection
	GlobalSection(ProjectConfigurationPlatforms) = postSolution
		{9C0D61CC-6145-43C0-BF47-3619E5E7AC7D}.Debug|Any CPU.ActiveCfg = Debug|Any CPU
		{9C0D61CC-6145-43C0-BF47-3619E5E7AC7D}.Debug|Any CPU.Build.0 = Debug|Any CPU
		{9C0D61CC-6145-43C0-BF47-3619E5E7AC7D}.Release|Any CPU.ActiveCfg = Release|Any CPU
		{9C0D61CC-6145-43C0-BF47-3619E5E7AC7D}.Release|Any CPU.Build.0 = Release|Any CPU
		{530F2BB4-234E-411B-BC05-6658B16EE680}.Debug|Any CPU.ActiveCfg = Debug|Any CPU
		{530F2BB4-234E-411B-BC05-6658B16EE680}.Debug|Any CPU.Build.0 = Debug|Any CPU
		{530F2BB4-234E-411B-BC05-6658B16EE680}.Release|Any CPU.ActiveCfg = Release|Any CPU
		{530F2BB4-234E-411B-BC05-6658B16EE680}.Release|Any CPU.Build.0 = Release|Any CPU
		{C9C8D1CE-4FD4-47B4-84D8-034038697E43}.Debug|Any CPU.ActiveCfg = Debug|Any CPU
		{C9C8D1CE-4FD4-47B4-84D8-034038697E43}.Debug|Any CPU.Build.0 = Debug|Any CPU
		{C9C8D1CE-4FD4-47B4-84D8-034038697E43}.Release|Any CPU.ActiveCfg = Release|Any CPU
		{C9C8D1CE-4FD4-47B4-84D8-034038697E43}.Release|Any CPU.Build.0 = Release|Any CPU
		{6574D7D5-0BD4-4380-848F-280A352AA8DA}.Debug|Any CPU.ActiveCfg = Debug|Any CPU
		{6574D7D5-0BD4-4380-848F-280A352AA8DA}.Debug|Any CPU.Build.0 = Debug|Any CPU
		{6574D7D5-0BD4-4380-848F-280A352AA8DA}.Release|Any CPU.ActiveCfg = Release|Any CPU
		{6574D7D5-0BD4-4380-848F-280A352AA8DA}.Release|Any CPU.Build.0 = Release|Any CPU
		{05F7FC77-E5F4-4E95-8921-96822C98E025}.Debug|Any CPU.ActiveCfg = Debug|Any CPU
		{05F7FC77-E5F4-4E95-8921-96822C98E025}.Debug|Any CPU.Build.0 = Debug|Any CPU
		{05F7FC77-E5F4-4E95-8921-96822C98E025}.Release|Any CPU.ActiveCfg = Release|Any CPU
		{05F7FC77-E5F4-4E95-8921-96822C98E025}.Release|Any CPU.Build.0 = Release|Any CPU
	EndGlobalSection
	GlobalSection(SolutionProperties) = preSolution
		HideSolutionNode = FALSE
	EndGlobalSection
	GlobalSection(ExtensibilityGlobals) = postSolution
		SolutionGuid = {773A4357-A7EB-4DF0-B31E-499D4D94EAFA}
	EndGlobalSection
EndGlobal
